
Microsoft Visual Studio Solution File, Format Version 12.00
# Visual Studio 14
VisualStudioVersion = 14.0.23107.0
MinimumVisualStudioVersion = 10.0.40219.1
Project("{FAE04EC0-301F-11D3-BF4B-00C04F79EFBC}") = "Controls", "Controls\Controls.csproj", "{BF92AD88-EA57-4052-9245-D42EF461B676}"
EndProject
Project("{FAE04EC0-301F-11D3-BF4B-00C04F79EFBC}") = "Demonstration", "Demonstration\Demonstration.csproj", "{73D9B2D7-34B4-4459-BA8A-DB53CA610D56}"
EndProject
Global
	GlobalSection(SolutionConfigurationPlatforms) = preSolution
		Debug|Any CPU = Debug|Any CPU
		Release|Any CPU = Release|Any CPU
	EndGlobalSection
	GlobalSection(ProjectConfigurationPlatforms) = postSolution
		{BF92AD88-EA57-4052-9245-D42EF461B676}.Debug|Any CPU.ActiveCfg = Debug|Any CPU
		{BF92AD88-EA57-4052-9245-D42EF461B676}.Debug|Any CPU.Build.0 = Debug|Any CPU
		{BF92AD88-EA57-4052-9245-D42EF461B676}.Release|Any CPU.ActiveCfg = Release|Any CPU
		{BF92AD88-EA57-4052-9245-D42EF461B676}.Release|Any CPU.Build.0 = Release|Any CPU
		{73D9B2D7-34B4-4459-BA8A-DB53CA610D56}.Debug|Any CPU.ActiveCfg = Debug|Any CPU
		{73D9B2D7-34B4-4459-BA8A-DB53CA610D56}.Debug|Any CPU.Build.0 = Debug|Any CPU
		{73D9B2D7-34B4-4459-BA8A-DB53CA610D56}.Release|Any CPU.ActiveCfg = Release|Any CPU
		{73D9B2D7-34B4-4459-BA8A-DB53CA610D56}.Release|Any CPU.Build.0 = Release|Any CPU
	EndGlobalSection
	GlobalSection(SolutionProperties) = preSolution
		HideSolutionNode = FALSE
	EndGlobalSection
EndGlobal
